
Microsoft Visual Studio Solution File, Format Version 12.00
# Visual Studio Version 17
VisualStudioVersion = 17.5.002.0
MinimumVisualStudioVersion = 10.0.40219.1
Project("{9A19103F-16F7-4668-BE54-9A1E7A4F7556}") = "ShopyApp", "ShopyApp.csproj", "{DB73807D-8CFB-489F-87C0-3CE111894E75}"
EndProject
Project("{FAE04EC0-301F-11D3-BF4B-00C04F79EFBC}") = "ShopyTest", "..\ShopyTest\ShopyTest.csproj", "{7984FBD6-D333-4309-B68A-14D5166A23C3}"
EndProject
Global
	GlobalSection(SolutionConfigurationPlatforms) = preSolution
		Debug|Any CPU = Debug|Any CPU
		Release|Any CPU = Release|Any CPU
	EndGlobalSection
	GlobalSection(ProjectConfigurationPlatforms) = postSolution
		{DB73807D-8CFB-489F-87C0-3CE111894E75}.Debug|Any CPU.ActiveCfg = Debug|Any CPU
		{DB73807D-8CFB-489F-87C0-3CE111894E75}.Debug|Any CPU.Build.0 = Debug|Any CPU
		{DB73807D-8CFB-489F-87C0-3CE111894E75}.Release|Any CPU.ActiveCfg = Release|Any CPU
		{DB73807D-8CFB-489F-87C0-3CE111894E75}.Release|Any CPU.Build.0 = Release|Any CPU
		{7984FBD6-D333-4309-B68A-14D5166A23C3}.Debug|Any CPU.ActiveCfg = Debug|Any CPU
		{7984FBD6-D333-4309-B68A-14D5166A23C3}.Debug|Any CPU.Build.0 = Debug|Any CPU
		{7984FBD6-D333-4309-B68A-14D5166A23C3}.Release|Any CPU.ActiveCfg = Release|Any CPU
		{7984FBD6-D333-4309-B68A-14D5166A23C3}.Release|Any CPU.Build.0 = Release|Any CPU
	EndGlobalSection
	GlobalSection(SolutionProperties) = preSolution
		HideSolutionNode = FALSE
	EndGlobalSection
	GlobalSection(ExtensibilityGlobals) = postSolution
		SolutionGuid = {49F268F2-CD24-44C8-B78A-C99BC0147E36}
	EndGlobalSection
EndGlobal
